
Microsoft Visual Studio Solution File, Format Version 12.00
# Visual Studio Version 17
VisualStudioVersion = 17.0.31903.59
MinimumVisualStudioVersion = 10.0.40219.1
Project("{FAE04EC0-301F-11D3-BF4B-00C04F79EFBC}") = "Line3.Port", "Line3.Port\Line3.Port.csproj", "{B40022CE-F013-439E-BD41-290E38D0BF83}"
EndProject
Project("{FAE04EC0-301F-11D3-BF4B-00C04F79EFBC}") = "Line3.Port.Tests", "Line3.Port.Tests\Line3.Port.Tests.csproj", "{350A78A2-A1DE-406F-BBD4-5FD92C2A4755}"
EndProject
Global
	GlobalSection(SolutionConfigurationPlatforms) = preSolution
		Debug|Any CPU = Debug|Any CPU
		Debug|x64 = Debug|x64
		Debug|x86 = Debug|x86
		Release|Any CPU = Release|Any CPU
		Release|x64 = Release|x64
		Release|x86 = Release|x86
	EndGlobalSection
	GlobalSection(ProjectConfigurationPlatforms) = postSolution
		{B40022CE-F013-439E-BD41-290E38D0BF83}.Debug|Any CPU.ActiveCfg = Debug|Any CPU
		{B40022CE-F013-439E-BD41-290E38D0BF83}.Debug|Any CPU.Build.0 = Debug|Any CPU
		{B40022CE-F013-439E-BD41-290E38D0BF83}.Debug|x64.ActiveCfg = Debug|Any CPU
		{B40022CE-F013-439E-BD41-290E38D0BF83}.Debug|x64.Build.0 = Debug|Any CPU
		{B40022CE-F013-439E-BD41-290E38D0BF83}.Debug|x86.ActiveCfg = Debug|Any CPU
		{B40022CE-F013-439E-BD41-290E38D0BF83}.Debug|x86.Build.0 = Debug|Any CPU
		{B40022CE-F013-439E-BD41-290E38D0BF83}.Release|Any CPU.ActiveCfg = Release|Any CPU
		{B40022CE-F013-439E-BD41-290E38D0BF83}.Release|Any CPU.Build.0 = Release|Any CPU
		{B40022CE-F013-439E-BD41-290E38D0BF83}.Release|x64.ActiveCfg = Release|Any CPU
		{B40022CE-F013-439E-BD41-290E38D0BF83}.Release|x64.Build.0 = Release|Any CPU
		{B40022CE-F013-439E-BD41-290E38D0BF83}.Release|x86.ActiveCfg = Release|Any CPU
		{B40022CE-F013-439E-BD41-290E38D0BF83}.Release|x86.Build.0 = Release|Any CPU
		{350A78A2-A1DE-406F-BBD4-5FD92C2A4755}.Debug|Any CPU.ActiveCfg = Debug|Any CPU
		{350A78A2-A1DE-406F-BBD4-5FD92C2A4755}.Debug|Any CPU.Build.0 = Debug|Any CPU
		{350A78A2-A1DE-406F-BBD4-5FD92C2A4755}.Debug|x64.ActiveCfg = Debug|Any CPU
		{350A78A2-A1DE-406F-BBD4-5FD92C2A4755}.Debug|x64.Build.0 = Debug|Any CPU
		{350A78A2-A1DE-406F-BBD4-5FD92C2A4755}.Debug|x86.ActiveCfg = Debug|Any CPU
		{350A78A2-A1DE-406F-BBD4-5FD92C2A4755}.Debug|x86.Build.0 = Debug|Any CPU
		{350A78A2-A1DE-406F-BBD4-5FD92C2A4755}.Release|Any CPU.ActiveCfg = Release|Any CPU
		{350A78A2-A1DE-406F-BBD4-5FD92C2A4755}.Release|Any CPU.Build.0 = Release|Any CPU
		{350A78A2-A1DE-406F-BBD4-5FD92C2A4755}.Release|x64.ActiveCfg = Release|Any CPU
		{350A78A2-A1DE-406F-BBD4-5FD92C2A4755}.Release|x64.Build.0 = Release|Any CPU
		{350A78A2-A1DE-406F-BBD4-5FD92C2A4755}.Release|x86.ActiveCfg = Release|Any CPU
		{350A78A2-A1DE-406F-BBD4-5FD92C2A4755}.Release|x86.Build.0 = Release|Any CPU
	EndGlobalSection
	GlobalSection(SolutionProperties) = preSolution
		HideSolutionNode = FALSE
	EndGlobalSection
EndGlobal
